
Microsoft Visual Studio Solution File, Format Version 12.00
# Visual Studio 2012
Project("{FAE04EC0-301F-11D3-BF4B-00C04F79EFBC}") = "QlikView WriteBack Extension", "QlikView WriteBack Extension\QlikView WriteBack Extension.csproj", "{773C2720-84D1-4FF2-910F-4964B3F236E0}"
EndProject
Global
	GlobalSection(SolutionConfigurationPlatforms) = preSolution
		Debug|Any CPU = Debug|Any CPU
		Release|Any CPU = Release|Any CPU
	EndGlobalSection
	GlobalSection(ProjectConfigurationPlatforms) = postSolution
		{773C2720-84D1-4FF2-910F-4964B3F236E0}.Debug|Any CPU.ActiveCfg = Debug|Any CPU
		{773C2720-84D1-4FF2-910F-4964B3F236E0}.Debug|Any CPU.Build.0 = Debug|Any CPU
		{773C2720-84D1-4FF2-910F-4964B3F236E0}.Release|Any CPU.ActiveCfg = Release|Any CPU
		{773C2720-84D1-4FF2-910F-4964B3F236E0}.Release|Any CPU.Build.0 = Release|Any CPU
	EndGlobalSection
	GlobalSection(SolutionProperties) = preSolution
		HideSolutionNode = FALSE
	EndGlobalSection
EndGlobal
